
Microsoft Visual Studio Solution File, Format Version 12.00
# Visual Studio Version 17
VisualStudioVersion = 17.4.33213.308
MinimumVisualStudioVersion = 10.0.40219.1
Project("{FAE04EC0-301F-11D3-BF4B-00C04F79EFBC}") = "BlazorApp-Firefox-Download", "BlazorApp-Firefox-Download\BlazorApp-Firefox-Download.csproj", "{AF4A8D98-4879-4227-AEA0-563BC1B1456B}"
EndProject
Global
	GlobalSection(SolutionConfigurationPlatforms) = preSolution
		Debug|Any CPU = Debug|Any CPU
		Release|Any CPU = Release|Any CPU
	EndGlobalSection
	GlobalSection(ProjectConfigurationPlatforms) = postSolution
		{AF4A8D98-4879-4227-AEA0-563BC1B1456B}.Debug|Any CPU.ActiveCfg = Debug|Any CPU
		{AF4A8D98-4879-4227-AEA0-563BC1B1456B}.Debug|Any CPU.Build.0 = Debug|Any CPU
		{AF4A8D98-4879-4227-AEA0-563BC1B1456B}.Release|Any CPU.ActiveCfg = Release|Any CPU
		{AF4A8D98-4879-4227-AEA0-563BC1B1456B}.Release|Any CPU.Build.0 = Release|Any CPU
	EndGlobalSection
	GlobalSection(SolutionProperties) = preSolution
		HideSolutionNode = FALSE
	EndGlobalSection
	GlobalSection(ExtensibilityGlobals) = postSolution
		SolutionGuid = {21E753E5-8470-4B19-BD43-274085A148DE}
	EndGlobalSection
EndGlobal
