
Microsoft Visual Studio Solution File, Format Version 12.00
# Visual Studio Version 17
VisualStudioVersion = 17.4.33213.308
MinimumVisualStudioVersion = 10.0.40219.1
Project("{FAE04EC0-301F-11D3-BF4B-00C04F79EFBC}") = "AspCore-Server", "AspCore-Server\AspCore-Server.csproj", "{60330788-F880-4EC1-AA3F-2CC16E6A715B}"
EndProject
Global
	GlobalSection(SolutionConfigurationPlatforms) = preSolution
		Debug|Any CPU = Debug|Any CPU
		Release|Any CPU = Release|Any CPU
	EndGlobalSection
	GlobalSection(ProjectConfigurationPlatforms) = postSolution
		{60330788-F880-4EC1-AA3F-2CC16E6A715B}.Debug|Any CPU.ActiveCfg = Debug|Any CPU
		{60330788-F880-4EC1-AA3F-2CC16E6A715B}.Debug|Any CPU.Build.0 = Debug|Any CPU
		{60330788-F880-4EC1-AA3F-2CC16E6A715B}.Release|Any CPU.ActiveCfg = Release|Any CPU
		{60330788-F880-4EC1-AA3F-2CC16E6A715B}.Release|Any CPU.Build.0 = Release|Any CPU
	EndGlobalSection
	GlobalSection(SolutionProperties) = preSolution
		HideSolutionNode = FALSE
	EndGlobalSection
	GlobalSection(ExtensibilityGlobals) = postSolution
		SolutionGuid = {2F56D2E7-3BEA-47BF-8AF8-5AB62D59E38F}
	EndGlobalSection
EndGlobal
